
Microsoft Visual Studio Solution File, Format Version 12.00
# Visual Studio Version 17
VisualStudioVersion = 17.3.32929.385
MinimumVisualStudioVersion = 10.0.40219.1
Project("{9A19103F-16F7-4668-BE54-9A1E7A4F7556}") = "TSCompiler.Lexer", "TSCompiler.Lexer\TSCompiler.Lexer.csproj", "{7909E7EF-C419-4C15-B62D-71C61BB40809}"
EndProject
Project("{9A19103F-16F7-4668-BE54-9A1E7A4F7556}") = "TSCompiler.Console", "TSCompiler.Console\TSCompiler.Console.csproj", "{24B06730-5662-49FC-9837-07CAF041CCA1}"
EndProject
Project("{9A19103F-16F7-4668-BE54-9A1E7A4F7556}") = "TSCompiler.Parser", "TSCompiler.Parser\TSCompiler.Parser.csproj", "{FFB45B9D-E587-4150-841B-BD53D9F323C9}"
EndProject
Project("{9A19103F-16F7-4668-BE54-9A1E7A4F7556}") = "TSCompiler.Core", "LanguageCompiler.Core\TSCompiler.Core.csproj", "{1222C2A8-B1FF-4972-B064-F0E39E858E5E}"
EndProject
Global
	GlobalSection(SolutionConfigurationPlatforms) = preSolution
		Debug|Any CPU = Debug|Any CPU
		Release|Any CPU = Release|Any CPU
	EndGlobalSection
	GlobalSection(ProjectConfigurationPlatforms) = postSolution
		{7909E7EF-C419-4C15-B62D-71C61BB40809}.Debug|Any CPU.ActiveCfg = Debug|Any CPU
		{7909E7EF-C419-4C15-B62D-71C61BB40809}.Debug|Any CPU.Build.0 = Debug|Any CPU
		{7909E7EF-C419-4C15-B62D-71C61BB40809}.Release|Any CPU.ActiveCfg = Release|Any CPU
		{7909E7EF-C419-4C15-B62D-71C61BB40809}.Release|Any CPU.Build.0 = Release|Any CPU
		{24B06730-5662-49FC-9837-07CAF041CCA1}.Debug|Any CPU.ActiveCfg = Debug|Any CPU
		{24B06730-5662-49FC-9837-07CAF041CCA1}.Debug|Any CPU.Build.0 = Debug|Any CPU
		{24B06730-5662-49FC-9837-07CAF041CCA1}.Release|Any CPU.ActiveCfg = Release|Any CPU
		{24B06730-5662-49FC-9837-07CAF041CCA1}.Release|Any CPU.Build.0 = Release|Any CPU
		{FFB45B9D-E587-4150-841B-BD53D9F323C9}.Debug|Any CPU.ActiveCfg = Debug|Any CPU
		{FFB45B9D-E587-4150-841B-BD53D9F323C9}.Debug|Any CPU.Build.0 = Debug|Any CPU
		{FFB45B9D-E587-4150-841B-BD53D9F323C9}.Release|Any CPU.ActiveCfg = Release|Any CPU
		{FFB45B9D-E587-4150-841B-BD53D9F323C9}.Release|Any CPU.Build.0 = Release|Any CPU
		{1222C2A8-B1FF-4972-B064-F0E39E858E5E}.Debug|Any CPU.ActiveCfg = Debug|Any CPU
		{1222C2A8-B1FF-4972-B064-F0E39E858E5E}.Debug|Any CPU.Build.0 = Debug|Any CPU
		{1222C2A8-B1FF-4972-B064-F0E39E858E5E}.Release|Any CPU.ActiveCfg = Release|Any CPU
		{1222C2A8-B1FF-4972-B064-F0E39E858E5E}.Release|Any CPU.Build.0 = Release|Any CPU
	EndGlobalSection
	GlobalSection(SolutionProperties) = preSolution
		HideSolutionNode = FALSE
	EndGlobalSection
	GlobalSection(ExtensibilityGlobals) = postSolution
		SolutionGuid = {7AE4C5AB-A184-4468-A137-E6CDD57E0FF4}
	EndGlobalSection
EndGlobal
